
Microsoft Visual Studio Solution File, Format Version 12.00
# Visual Studio Version 17
VisualStudioVersion = 17.14.37111.16 d17.14
MinimumVisualStudioVersion = 10.0.40219.1
Project("{FAE04EC0-301F-11D3-BF4B-00C04F79EFBC}") = "lab6IsHere", "lab6IsHere\lab6IsHere.csproj", "{FAD942B0-4F5C-48CA-81AF-35D042D05BBC}"
EndProject
Global
	GlobalSection(SolutionConfigurationPlatforms) = preSolution
		Debug|Any CPU = Debug|Any CPU
		Release|Any CPU = Release|Any CPU
	EndGlobalSection
	GlobalSection(ProjectConfigurationPlatforms) = postSolution
		{FAD942B0-4F5C-48CA-81AF-35D042D05BBC}.Debug|Any CPU.ActiveCfg = Debug|Any CPU
		{FAD942B0-4F5C-48CA-81AF-35D042D05BBC}.Debug|Any CPU.Build.0 = Debug|Any CPU
		{FAD942B0-4F5C-48CA-81AF-35D042D05BBC}.Release|Any CPU.ActiveCfg = Release|Any CPU
		{FAD942B0-4F5C-48CA-81AF-35D042D05BBC}.Release|Any CPU.Build.0 = Release|Any CPU
	EndGlobalSection
	GlobalSection(SolutionProperties) = preSolution
		HideSolutionNode = FALSE
	EndGlobalSection
	GlobalSection(ExtensibilityGlobals) = postSolution
		SolutionGuid = {8D69CE70-780B-4DDF-A088-CB9582738574}
	EndGlobalSection
EndGlobal
