
Microsoft Visual Studio Solution File, Format Version 12.00
# Visual Studio Version 17
VisualStudioVersion = 17.14.36623.8 d17.14
MinimumVisualStudioVersion = 10.0.40219.1
Project("{FAE04EC0-301F-11D3-BF4B-00C04F79EFBC}") = "lab2IsHere", "lab2IsHere\lab2IsHere.csproj", "{5F05593E-7366-4044-B7AC-971A5E4864BD}"
EndProject
Global
	GlobalSection(SolutionConfigurationPlatforms) = preSolution
		Debug|Any CPU = Debug|Any CPU
		Release|Any CPU = Release|Any CPU
	EndGlobalSection
	GlobalSection(ProjectConfigurationPlatforms) = postSolution
		{5F05593E-7366-4044-B7AC-971A5E4864BD}.Debug|Any CPU.ActiveCfg = Debug|Any CPU
		{5F05593E-7366-4044-B7AC-971A5E4864BD}.Debug|Any CPU.Build.0 = Debug|Any CPU
		{5F05593E-7366-4044-B7AC-971A5E4864BD}.Release|Any CPU.ActiveCfg = Release|Any CPU
		{5F05593E-7366-4044-B7AC-971A5E4864BD}.Release|Any CPU.Build.0 = Release|Any CPU
	EndGlobalSection
	GlobalSection(SolutionProperties) = preSolution
		HideSolutionNode = FALSE
	EndGlobalSection
	GlobalSection(ExtensibilityGlobals) = postSolution
		SolutionGuid = {0ECE848E-11D3-4097-B5A1-3CAF9836F759}
	EndGlobalSection
EndGlobal
