
Microsoft Visual Studio Solution File, Format Version 12.00
# Visual Studio Version 17
VisualStudioVersion = 17.14.36623.8 d17.14
MinimumVisualStudioVersion = 10.0.40219.1
Project("{FAE04EC0-301F-11D3-BF4B-00C04F79EFBC}") = "lab2_1IsHere", "lab2_1IsHere\lab2_1IsHere.csproj", "{354E0D57-D5B5-4F25-8096-46170CF0775E}"
EndProject
Global
	GlobalSection(SolutionConfigurationPlatforms) = preSolution
		Debug|Any CPU = Debug|Any CPU
		Release|Any CPU = Release|Any CPU
	EndGlobalSection
	GlobalSection(ProjectConfigurationPlatforms) = postSolution
		{354E0D57-D5B5-4F25-8096-46170CF0775E}.Debug|Any CPU.ActiveCfg = Debug|Any CPU
		{354E0D57-D5B5-4F25-8096-46170CF0775E}.Debug|Any CPU.Build.0 = Debug|Any CPU
		{354E0D57-D5B5-4F25-8096-46170CF0775E}.Release|Any CPU.ActiveCfg = Release|Any CPU
		{354E0D57-D5B5-4F25-8096-46170CF0775E}.Release|Any CPU.Build.0 = Release|Any CPU
	EndGlobalSection
	GlobalSection(SolutionProperties) = preSolution
		HideSolutionNode = FALSE
	EndGlobalSection
	GlobalSection(ExtensibilityGlobals) = postSolution
		SolutionGuid = {1045DECE-AED9-4CB1-BD82-CF78E00773D1}
	EndGlobalSection
EndGlobal
